
Microsoft Visual Studio Solution File, Format Version 12.00
# Visual Studio 2013
VisualStudioVersion = 12.0.21005.1
MinimumVisualStudioVersion = 10.0.40219.1
Project("{FAE04EC0-301F-11D3-BF4B-00C04F79EFBC}") = "Web", "AngelHack - Movie Rating\Web.csproj", "{1F4174DE-D706-47D2-9B2B-B3C476E9BF0E}"
EndProject
Project("{FAE04EC0-301F-11D3-BF4B-00C04F79EFBC}") = "Comum", "Comum\Comum.csproj", "{724C3D1F-5726-4E40-B84E-0CC14C9C7C49}"
EndProject
Project("{FAE04EC0-301F-11D3-BF4B-00C04F79EFBC}") = "Entidade", "Entidade\Entidade.csproj", "{8D16BFCE-F48C-42A9-A296-1E6516492893}"
EndProject
Project("{FAE04EC0-301F-11D3-BF4B-00C04F79EFBC}") = "DB", "DB\DB.csproj", "{041E14AB-868A-43A9-B466-F7EE30909737}"
EndProject
Global
	GlobalSection(SolutionConfigurationPlatforms) = preSolution
		Debug|Any CPU = Debug|Any CPU
		Release|Any CPU = Release|Any CPU
	EndGlobalSection
	GlobalSection(ProjectConfigurationPlatforms) = postSolution
		{1F4174DE-D706-47D2-9B2B-B3C476E9BF0E}.Debug|Any CPU.ActiveCfg = Debug|Any CPU
		{1F4174DE-D706-47D2-9B2B-B3C476E9BF0E}.Debug|Any CPU.Build.0 = Debug|Any CPU
		{1F4174DE-D706-47D2-9B2B-B3C476E9BF0E}.Release|Any CPU.ActiveCfg = Release|Any CPU
		{1F4174DE-D706-47D2-9B2B-B3C476E9BF0E}.Release|Any CPU.Build.0 = Release|Any CPU
		{724C3D1F-5726-4E40-B84E-0CC14C9C7C49}.Debug|Any CPU.ActiveCfg = Debug|Any CPU
		{724C3D1F-5726-4E40-B84E-0CC14C9C7C49}.Debug|Any CPU.Build.0 = Debug|Any CPU
		{724C3D1F-5726-4E40-B84E-0CC14C9C7C49}.Release|Any CPU.ActiveCfg = Release|Any CPU
		{724C3D1F-5726-4E40-B84E-0CC14C9C7C49}.Release|Any CPU.Build.0 = Release|Any CPU
		{8D16BFCE-F48C-42A9-A296-1E6516492893}.Debug|Any CPU.ActiveCfg = Debug|Any CPU
		{8D16BFCE-F48C-42A9-A296-1E6516492893}.Debug|Any CPU.Build.0 = Debug|Any CPU
		{8D16BFCE-F48C-42A9-A296-1E6516492893}.Release|Any CPU.ActiveCfg = Release|Any CPU
		{8D16BFCE-F48C-42A9-A296-1E6516492893}.Release|Any CPU.Build.0 = Release|Any CPU
		{041E14AB-868A-43A9-B466-F7EE30909737}.Debug|Any CPU.ActiveCfg = Debug|Any CPU
		{041E14AB-868A-43A9-B466-F7EE30909737}.Debug|Any CPU.Build.0 = Debug|Any CPU
		{041E14AB-868A-43A9-B466-F7EE30909737}.Release|Any CPU.ActiveCfg = Release|Any CPU
		{041E14AB-868A-43A9-B466-F7EE30909737}.Release|Any CPU.Build.0 = Release|Any CPU
	EndGlobalSection
	GlobalSection(SolutionProperties) = preSolution
		HideSolutionNode = FALSE
	EndGlobalSection
EndGlobal
